{
  "nodes": {
    "home-manager": {
      "inputs": {
        "nixpkgs": [
          "nixpkgs"
        ]
      },
      "locked": {
        "lastModified": 1790128814,
        "narHash": "sha256-6Gm9q+wW3E4Ey4F6wEbJAwaMsEK6hvCYfTW7yY64ZfA=",
        "owner": "nix-community",
        "repo": "home-manager",
        "rev": "0b2f1129177f70c5f0f5d88bb53c49ca47d0bfc0",
        "type": "github"
      },
      "original": {
        "owner": "nix-community",
        "ref": "master",
        "repo": "home-manager",
        "type": "github"
      }
    },
    "home-manager_2": {
      "inputs": {
        "nixpkgs": [
          "zen-browser",
          "nixpkgs"
        ]
      },
      "locked": {
        "lastModified": 1789430117,
        "narHash": "sha256-t+U1mijItLJ64xZOifpfQ17kpAL73nU7pDI48ScacVc=",
        "owner": "nix-community",
        "repo": "home-manager",
        "rev": "cda90fd8838825c689fde9d3f3b4e937937790df",
        "type": "github"
      },
      "original": {
        "owner": "nix-community",
        "repo": "home-manager",
        "type": "github"
      }
    },
    "hyprfm": {
      "inputs": {
        "nixpkgs": [
          "nixpkgs"
        ],
        "quill": "quill",
        "quill-icons": "quill-icons"
      },
      "locked": {
        "lastModified": 1789996793,
        "narHash": "sha256-+K2BznlkcawUTFxwoL0uAYC68aOJNBI4M54dni0kcP8=",
        "owner": "soyeb-jim285",
        "repo": "hyprfm",
        "rev": "21f1bf82ba1cd2fe9119ae5ed3ba80f972e53614",
        "type": "github"
      },
      "original": {
        "owner": "soyeb-jim285",
        "repo": "hyprfm",
        "type": "github"
      }
    },
    "musnix": {
      "inputs": {
        "nixpkgs": [
          "nixpkgs"
        ]
      },
      "locked": {
        "lastModified": 1777848538,
        "narHash": "sha256-Dj51C0NWsglqRrCpdmMr2nFiYacFOid1Tor4H9yG2HY=",
        "owner": "musnix",
        "repo": "musnix",
        "rev": "8548782f0d1d0928daa3fffde8a008f72219a3f3",
        "type": "github"
      },
      "original": {
        "owner": "musnix",
        "repo": "musnix",
        "type": "github"
      }
    },
    "nixpkgs": {
      "locked": {
        "lastModified": 1790046670,
        "narHash": "sha256-MYiI+CzL0tuWgRPjGsKCDHqYs2T3OzMlMQWOYWG0qso=",
        "owner": "nixos",
        "repo": "nixpkgs",
        "rev": "6774f7bc253789b113a4f39285dc0fa100abeacc",
        "type": "github"
      },
      "original": {
        "owner": "nixos",
        "ref": "nixos-unstable",
        "repo": "nixpkgs",
        "type": "github"
      }
    },
    "quill": {
      "flake": false,
      "locked": {
        "lastModified": 1788143022,
        "narHash": "sha256-aZsx5A3aD3ihwGhm1YkVISlrsw/c3Qxs7bLKe1pH9+w=",
        "owner": "soyeb-jim285",
        "repo": "quill",
        "rev": "7af227e897acaaafd3f56980ef9c3b3347aeeba7",
        "type": "github"
      },
      "original": {
        "owner": "soyeb-jim285",
        "repo": "quill",
        "rev": "7af227e897acaaafd3f56980ef9c3b3347aeeba7",
        "type": "github"
      }
    },
    "quill-icons": {
      "flake": false,
      "locked": {
        "lastModified": 1787955508,
        "narHash": "sha256-NFUw1NlCAh48O7rpHyjU33C3DAhhSaGFDjLzi3DKJEk=",
        "owner": "soyeb-jim285",
        "repo": "quill-icons",
        "rev": "69b653672ece8652cfef52c1c228abe9e2c4fce0",
        "type": "github"
      },
      "original": {
        "owner": "soyeb-jim285",
        "repo": "quill-icons",
        "rev": "69b653672ece8652cfef52c1c228abe9e2c4fce0",
        "type": "github"
      }
    },
    "root": {
      "inputs": {
        "home-manager": "home-manager",
        "hyprfm": "hyprfm",
        "musnix": "musnix",
        "nixpkgs": "nixpkgs",
        "zen-browser": "zen-browser"
      }
    },
    "zen-browser": {
      "inputs": {
        "home-manager": "home-manager_2",
        "nixpkgs": [
          "nixpkgs"
        ]
      },
      "locked": {
        "lastModified": 1790101991,
        "narHash": "sha256-bNnRLtCtn2kCMeoQ/F1SBW4ltv4moQOPZ8YT0BWsoT0=",
        "owner": "0xc000022070",
        "repo": "zen-browser-flake",
        "rev": "6be82ac04e6713849ae23ec45cd606d96f3174d7",
        "type": "github"
      },
      "original": {
        "owner": "0xc000022070",
        "repo": "zen-browser-flake",
        "type": "github"
      }
    }
  },
  "root": "root",
  "version": 7
}
